
Microsoft Visual Studio Solution File, Format Version 12.00
# Visual Studio Express 2012 for Windows Desktop
Project("{FAE04EC0-301F-11D3-BF4B-00C04F79EFBC}") = "формы2", "формы2\формы2.csproj", "{E4A9B3A9-C365-431E-8314-906E3FFC490B}"
EndProject
Global
	GlobalSection(SolutionConfigurationPlatforms) = preSolution
		Debug|Any CPU = Debug|Any CPU
		Release|Any CPU = Release|Any CPU
	EndGlobalSection
	GlobalSection(ProjectConfigurationPlatforms) = postSolution
		{E4A9B3A9-C365-431E-8314-906E3FFC490B}.Debug|Any CPU.ActiveCfg = Debug|Any CPU
		{E4A9B3A9-C365-431E-8314-906E3FFC490B}.Debug|Any CPU.Build.0 = Debug|Any CPU
		{E4A9B3A9-C365-431E-8314-906E3FFC490B}.Release|Any CPU.ActiveCfg = Release|Any CPU
		{E4A9B3A9-C365-431E-8314-906E3FFC490B}.Release|Any CPU.Build.0 = Release|Any CPU
	EndGlobalSection
	GlobalSection(SolutionProperties) = preSolution
		HideSolutionNode = FALSE
	EndGlobalSection
EndGlobal
